// !$*UTF8*$!
{
	archiveVersion = 1;
	classes = {
	};
	objectVersion = 46;
	objects = {

/* Begin PBXBuildFile section */
		087F70031B135C3800FFE06D /* AppDelegate.swift in Sources */ = {isa = PBXBuildFile; fileRef = 087F70021B135C3800FFE06D /* AppDelegate.swift */; };
		087F70051B135C3800FFE06D /* ViewController.swift in Sources */ = {isa = PBXBuildFile; fileRef = 087F70041B135C3800FFE06D /* ViewController.swift */; };
		087F70081B135C3800FFE06D /* Main.storyboard in Resources */ = {isa = PBXBuildFile; fileRef = 087F70061B135C3800FFE06D /* Main.storyboard */; };
		087F700A1B135C3800FFE06D /* Images.xcassets in Resources */ = {isa = PBXBuildFile; fileRef = 087F70091B135C3800FFE06D /* Images.xcassets */; };
		087F700D1B135C3800FFE06D /* LaunchScreen.xib in Resources */ = {isa = PBXBuildFile; fileRef = 087F700B1B135C3800FFE06D /* LaunchScreen.xib */; };
		087F70191B135C3800FFE06D /* ShowSizeClassesTests.swift in Sources */ = {isa = PBXBuildFile; fileRef = 087F70181B135C3800FFE06D /* ShowSizeClassesTests.swift */; };
/* End PBXBuildFile section */

/* Begin PBXContainerItemProxy section */
		087F70131B135C3800FFE06D /* PBXContainerItemProxy */ = {
			isa = PBXContainerItemProxy;
			containerPortal = 087F6FF51B135C3800FFE06D /* Project object */;
			proxyType = 1;
			remoteGlobalIDString = 087F6FFC1B135C3800FFE06D;
			remoteInfo = ShowSizeClasses;
		};
/* End PBXContainerItemProxy section */

/* Begin PBXFileReference section */
		087F6FFD1B135C3800FFE06D /* ShowSizeClasses.app */ = {isa = PBXFileReference; explicitFileType = wrapper.application; includeInIndex = 0; path = ShowSizeClasses.app; sourceTree = BUILT_PRODUCTS_DIR; };
		087F70011B135C3800FFE06D /* Info.plist */ = {isa = PBXFileReference; lastKnownFileType = text.plist.xml; path = Info.plist; sourceTree = "<group>"; };
		087F70021B135C3800FFE06D /* AppDelegate.swift */ = {isa = PBXFileReference; lastKnownFileType = sourcecode.swift; path = AppDelegate.swift; sourceTree = "<group>"; };
		087F70041B135C3800FFE06D /* ViewController.swift */ = {isa = PBXFileReference; lastKnownFileType = sourcecode.swift; path = ViewController.swift; sourceTree = "<group>"; };
		087F70071B135C3800FFE06D /* Base */ = {isa = PBXFileReference; lastKnownFileType = file.storyboard; name = Base; path = Base.lproj/Main.storyboard; sourceTree = "<group>"; };
		087F70091B135C3800FFE06D /* Images.xcassets */ = {isa = PBXFileReference; lastKnownFileType = folder.assetcatalog; path = Images.xcassets; sourceTree = "<group>"; };
		087F700C1B135C3800FFE06D /* Base */ = {isa = PBXFileReference; lastKnownFileType = file.xib; name = Base; path = Base.lproj/LaunchScreen.xib; sourceTree = "<group>"; };
		087F70121B135C3800FFE06D /* ShowSizeClassesTests.xctest */ = {isa = PBXFileReference; explicitFileType = wrapper.cfbundle; includeInIndex = 0; path = ShowSizeClassesTests.xctest; sourceTree = BUILT_PRODUCTS_DIR; };
		087F70171B135C3800FFE06D /* Info.plist */ = {isa = PBXFileReference; lastKnownFileType = text.plist.xml; path = Info.plist; sourceTree = "<group>"; };
		087F70181B135C3800FFE06D /* ShowSizeClassesTests.swift */ = {isa = PBXFileReference; lastKnownFileType = sourcecode.swift; path = ShowSizeClassesTests.swift; sourceTree = "<group>"; };
/* End PBXFileReference section */

/* Begin PBXFrameworksBuildPhase section */
		087F6FFA1B135C3800FFE06D /* Frameworks */ = {
			isa = PBXFrameworksBuildPhase;
			buildActionMask = 2147483647;
			files = (
			);
			runOnlyForDeploymentPostprocessing = 0;
		};
		087F700F1B135C3800FFE06D /* Frameworks */ = {
			isa = PBXFrameworksBuildPhase;
			buildActionMask = 2147483647;
			files = (
			);
			runOnlyForDeploymentPostprocessing = 0;
		};
/* End PBXFrameworksBuildPhase section */

/* Begin PBXGroup section */
		087F6FF41B135C3800FFE06D = {
			isa = PBXGroup;
			children = (
				087F6FFF1B135C3800FFE06D /* ShowSizeClasses */,
				087F70151B135C3800FFE06D /* ShowSizeClassesTests */,
				087F6FFE1B135C3800FFE06D /* Products */,
			);
			sourceTree = "<group>";
		};
		087F6FFE1B135C3800FFE06D /* Products */ = {
			isa = PBXGroup;
			children = (
				087F6FFD1B135C3800FFE06D /* ShowSizeClasses.app */,
				087F70121B135C3800FFE06D /* ShowSizeClassesTests.xctest */,
			);
			name = Products;
			sourceTree = "<group>";
		};
		087F6FFF1B135C3800FFE06D /* ShowSizeClasses */ = {
			isa = PBXGroup;
			children = (
				087F70041B135C3800FFE06D /* ViewController.swift */,
				087F70061B135C3800FFE06D /* Main.storyboard */,
				087F70001B135C3800FFE06D /* Supporting Files */,
			);
			path = ShowSizeClasses;
			sourceTree = "<group>";
		};
		087F70001B135C3800FFE06D /* Supporting Files */ = {
			isa = PBXGroup;
			children = (
				087F70021B135C3800FFE06D /* AppDelegate.swift */,
				087F70091B135C3800FFE06D /* Images.xcassets */,
				087F700B1B135C3800FFE06D /* LaunchScreen.xib */,
				087F70011B135C3800FFE06D /* Info.plist */,
			);
			name = "Supporting Files";
			sourceTree = "<group>";
		};
		087F70151B135C3800FFE06D /* ShowSizeClassesTests */ = {
			isa = PBXGroup;
			children = (
				087F70181B135C3800FFE06D /* ShowSizeClassesTests.swift */,
				087F70161B135C3800FFE06D /* Supporting Files */,
			);
			path = ShowSizeClassesTests;
			sourceTree = "<group>";
		};
		087F70161B135C3800FFE06D /* Supporting Files */ = {
			isa = PBXGroup;
			children = (
				087F70171B135C3800FFE06D /* Info.plist */,
			);
			name = "Supporting Files";
			sourceTree = "<group>";
		};
/* End PBXGroup section */

/* Begin PBXNativeTarget section */
		087F6FFC1B135C3800FFE06D /* ShowSizeClasses */ = {
			isa = PBXNativeTarget;
			buildConfigurationList = 087F701C1B135C3800FFE06D /* Build configuration list for PBXNativeTarget "ShowSizeClasses" */;
			buildPhases = (
				087F6FF91B135C3800FFE06D /* Sources */,
				087F6FFA1B135C3800FFE06D /* Frameworks */,
				087F6FFB1B135C3800FFE06D /* Resources */,
			);
			buildRules = (
			);
			dependencies = (
			);
			name = ShowSizeClasses;
			productName = ShowSizeClasses;
			productReference = 087F6FFD1B135C3800FFE06D /* ShowSizeClasses.app */;
			productType = "com.apple.product-type.application";
		};
		087F70111B135C3800FFE06D /* ShowSizeClassesTests */ = {
			isa = PBXNativeTarget;
			buildConfigurationList = 087F701F1B135C3800FFE06D /* Build configuration list for PBXNativeTarget "ShowSizeClassesTests" */;
			buildPhases = (
				087F700E1B135C3800FFE06D /* Sources */,
				087F700F1B135C3800FFE06D /* Frameworks */,
				087F70101B135C3800FFE06D /* Resources */,
			);
			buildRules = (
			);
			dependencies = (
				087F70141B135C3800FFE06D /* PBXTargetDependency */,
			);
			name = ShowSizeClassesTests;
			productName = ShowSizeClassesTests;
			productReference = 087F70121B135C3800FFE06D /* ShowSizeClassesTests.xctest */;
			productType = "com.apple.product-type.bundle.unit-test";
		};
/* End PBXNativeTarget section */

/* Begin PBXProject section */
		087F6FF51B135C3800FFE06D /* Project object */ = {
			isa = PBXProject;
			attributes = {
				LastUpgradeCheck = 0630;
				ORGANIZATIONNAME = "GN ReSound";
				TargetAttributes = {
					087F6FFC1B135C3800FFE06D = {
						CreatedOnToolsVersion = 6.3.2;
					};
					087F70111B135C3800FFE06D = {
						CreatedOnToolsVersion = 6.3.2;
						TestTargetID = 087F6FFC1B135C3800FFE06D;
					};
				};
			};
			buildConfigurationList = 087F6FF81B135C3800FFE06D /* Build configuration list for PBXProject "ShowSizeClasses" */;
			compatibilityVersion = "Xcode 3.2";
			developmentRegion = English;
			hasScannedForEncodings = 0;
			knownRegions = (
				en,
				Base,
			);
			mainGroup = 087F6FF41B135C3800FFE06D;
			productRefGroup = 087F6FFE1B135C3800FFE06D /* Products */;
			projectDirPath = "";
			projectRoot = "";
			targets = (
				087F6FFC1B135C3800FFE06D /* ShowSizeClasses */,
				087F70111B135C3800FFE06D /* ShowSizeClassesTests */,
			);
		};
/* End PBXProject section */

/* Begin PBXResourcesBuildPhase section */
		087F6FFB1B135C3800FFE06D /* Resources */ = {
			isa = PBXResourcesBuildPhase;
			buildActionMask = 2147483647;
			files = (
				087F70081B135C3800FFE06D /* Main.storyboard in Resources */,
				087F700D1B135C3800FFE06D /* LaunchScreen.xib in Resources */,
				087F700A1B135C3800FFE06D /* Images.xcassets in Resources */,
			);
			runOnlyForDeploymentPostprocessing = 0;
		};
		087F70101B135C3800FFE06D /* Resources */ = {
			isa = PBXResourcesBuildPhase;
			buildActionMask = 2147483647;
			files = (
			);
			runOnlyForDeploymentPostprocessing = 0;
		};
/* End PBXResourcesBuildPhase section */

/* Begin PBXSourcesBuildPhase section */
		087F6FF91B135C3800FFE06D /* Sources */ = {
			isa = PBXSourcesBuildPhase;
			buildActionMask = 2147483647;
			files = (
				087F70051B135C3800FFE06D /* ViewController.swift in Sources */,
				087F70031B135C3800FFE06D /* AppDelegate.swift in Sources */,
			);
			runOnlyForDeploymentPostprocessing = 0;
		};
		087F700E1B135C3800FFE06D /* Sources */ = {
			isa = PBXSourcesBuildPhase;
			buildActionMask = 2147483647;
			files = (
				087F70191B135C3800FFE06D /* ShowSizeClassesTests.swift in Sources */,
			);
			runOnlyForDeploymentPostprocessing = 0;
		};
/* End PBXSourcesBuildPhase section */

/* Begin PBXTargetDependency section */
		087F70141B135C3800FFE06D /* PBXTargetDependency */ = {
			isa = PBXTargetDependency;
			target = 087F6FFC1B135C3800FFE06D /* ShowSizeClasses */;
			targetProxy = 087F70131B135C3800FFE06D /* PBXContainerItemProxy */;
		};
/* End PBXTargetDependency section */

/* Begin PBXVariantGroup section */
		087F70061B135C3800FFE06D /* Main.storyboard */ = {
			isa = PBXVariantGroup;
			children = (
				087F70071B135C3800FFE06D /* Base */,
			);
			name = Main.storyboard;
			sourceTree = "<group>";
		};
		087F700B1B135C3800FFE06D /* LaunchScreen.xib */ = {
			isa = PBXVariantGroup;
			children = (
				087F700C1B135C3800FFE06D /* Base */,
			);
			name = LaunchScreen.xib;
			sourceTree = "<group>";
		};
/* End PBXVariantGroup section */

/* Begin XCBuildConfiguration section */
		087F701A1B135C3800FFE06D /* Debug */ = {
			isa = XCBuildConfiguration;
			buildSettings = {
				ALWAYS_SEARCH_USER_PATHS = NO;
				CLANG_CXX_LANGUAGE_STANDARD = "gnu++0x";
				CLANG_CXX_LIBRARY = "libc++";
				CLANG_ENABLE_MODULES = YES;
				CLANG_ENABLE_OBJC_ARC = YES;
				CLANG_WARN_BOOL_CONVERSION = YES;
				CLANG_WARN_CONSTANT_CONVERSION = YES;
				CLANG_WARN_DIRECT_OBJC_ISA_USAGE = YES_ERROR;
				CLANG_WARN_EMPTY_BODY = YES;
				CLANG_WARN_ENUM_CONVERSION = YES;
				CLANG_WARN_INT_CONVERSION = YES;
				CLANG_WARN_OBJC_ROOT_CLASS = YES_ERROR;
				CLANG_WARN_UNREACHABLE_CODE = YES;
				CLANG_WARN__DUPLICATE_METHOD_MATCH = YES;
				"CODE_SIGN_IDENTITY[sdk=iphoneos*]" = "iPhone Developer";
				COPY_PHASE_STRIP = NO;
				DEBUG_INFORMATION_FORMAT = "dwarf-with-dsym";
				ENABLE_STRICT_OBJC_MSGSEND = YES;
				GCC_C_LANGUAGE_STANDARD = gnu99;
				GCC_DYNAMIC_NO_PIC = NO;
				GCC_NO_COMMON_BLOCKS = YES;
				GCC_OPTIMIZATION_LEVEL = 0;
				GCC_PREPROCESSOR_DEFINITIONS = (
					"DEBUG=1",
					"$(inherited)",
				);
				GCC_SYMBOLS_PRIVATE_EXTERN = NO;
				GCC_WARN_64_TO_32_BIT_CONVERSION = YES;
				GCC_WARN_ABOUT_RETURN_TYPE = YES_ERROR;
				GCC_WARN_UNDECLARED_SELECTOR = YES;
				GCC_WARN_UNINITIALIZED_AUTOS = YES_AGGRESSIVE;
				GCC_WARN_UNUSED_FUNCTION = YES;
				GCC_WARN_UNUSED_VARIABLE = YES;
				IPHONEOS_DEPLOYMENT_TARGET = 8.3;
				MTL_ENABLE_DEBUG_INFO = YES;
				ONLY_ACTIVE_ARCH = YES;
				SDKROOT = iphoneos;
				SWIFT_OPTIMIZATION_LEVEL = "-Onone";
				TARGETED_DEVICE_FAMILY = "1,2";
			};
			name = Debug;
		};
		087F701B1B135C3800FFE06D /* Release */ = {
			isa = XCBuildConfiguration;
			buildSettings = {
				ALWAYS_SEARCH_USER_PATHS = NO;
				CLANG_CXX_LANGUAGE_STANDARD = "gnu++0x";
				CLANG_CXX_LIBRARY = "libc++";
				CLANG_ENABLE_MODULES = YES;
				CLANG_ENABLE_OBJC_ARC = YES;
				CLANG_WARN_BOOL_CONVERSION = YES;
				CLANG_WARN_CONSTANT_CONVERSION = YES;
				CLANG_WARN_DIRECT_OBJC_ISA_USAGE = YES_ERROR;
				CLANG_WARN_EMPTY_BODY = YES;
				CLANG_WARN_ENUM_CONVERSION = YES;
				CLANG_WARN_INT_CONVERSION = YES;
				CLANG_WARN_OBJC_ROOT_CLASS = YES_ERROR;
				CLANG_WARN_UNREACHABLE_CODE = YES;
				CLANG_WARN__DUPLICATE_METHOD_MATCH = YES;
				"CODE_SIGN_IDENTITY[sdk=iphoneos*]" = "iPhone Developer";
				COPY_PHASE_STRIP = NO;
				DEBUG_INFORMATION_FORMAT = "dwarf-with-dsym";
				ENABLE_NS_ASSERTIONS = NO;
				ENABLE_STRICT_OBJC_MSGSEND = YES;
				GCC_C_LANGUAGE_STANDARD = gnu99;
				GCC_NO_COMMON_BLOCKS = YES;
				GCC_WARN_64_TO_32_BIT_CONVERSION = YES;
				GCC_WARN_ABOUT_RETURN_TYPE = YES_ERROR;
				GCC_WARN_UNDECLARED_SELECTOR = YES;
				GCC_WARN_UNINITIALIZED_AUTOS = YES_AGGRESSIVE;
				GCC_WARN_UNUSED_FUNCTION = YES;
				GCC_WARN_UNUSED_VARIABLE = YES;
				IPHONEOS_DEPLOYMENT_TARGET = 8.3;
				MTL_ENABLE_DEBUG_INFO = NO;
				SDKROOT = iphoneos;
				TARGETED_DEVICE_FAMILY = "1,2";
				VALIDATE_PRODUCT = YES;
			};
			name = Release;
		};
		087F701D1B135C3800FFE06D /* Debug */ = {
			isa = XCBuildConfiguration;
			buildSettings = {
				ASSETCATALOG_COMPILER_APPICON_NAME = AppIcon;
				INFOPLIST_FILE = ShowSizeClasses/Info.plist;
				LD_RUNPATH_SEARCH_PATHS = "$(inherited) @executable_path/Frameworks";
				PRODUCT_NAME = "$(TARGET_NAME)";
			};
			name = Debug;
		};
		087F701E1B135C3800FFE06D /* Release */ = {
			isa = XCBuildConfiguration;
			buildSettings = {
				ASSETCATALOG_COMPILER_APPICON_NAME = AppIcon;
				INFOPLIST_FILE = ShowSizeClasses/Info.plist;
				LD_RUNPATH_SEARCH_PATHS = "$(inherited) @executable_path/Frameworks";
				PRODUCT_NAME = "$(TARGET_NAME)";
			};
			name = Release;
		};
		087F70201B135C3800FFE06D /* Debug */ = {
			isa = XCBuildConfiguration;
			buildSettings = {
				BUNDLE_LOADER = "$(TEST_HOST)";
				FRAMEWORK_SEARCH_PATHS = (
					"$(SDKROOT)/Developer/Library/Frameworks",
					"$(inherited)",
				);
				GCC_PREPROCESSOR_DEFINITIONS = (
					"DEBUG=1",
					"$(inherited)",
				);
				INFOPLIST_FILE = ShowSizeClassesTests/Info.plist;
				LD_RUNPATH_SEARCH_PATHS = "$(inherited) @executable_path/Frameworks @loader_path/Frameworks";
				PRODUCT_NAME = "$(TARGET_NAME)";
				TEST_HOST = "$(BUILT_PRODUCTS_DIR)/ShowSizeClasses.app/ShowSizeClasses";
			};
			name = Debug;
		};
		087F70211B135C3800FFE06D /* Release */ = {
			isa = XCBuildConfiguration;
			buildSettings = {
				BUNDLE_LOADER = "$(TEST_HOST)";
				FRAMEWORK_SEARCH_PATHS = (
					"$(SDKROOT)/Developer/Library/Frameworks",
					"$(inherited)",
				);
				INFOPLIST_FILE = ShowSizeClassesTests/Info.plist;
				LD_RUNPATH_SEARCH_PATHS = "$(inherited) @executable_path/Frameworks @loader_path/Frameworks";
				PRODUCT_NAME = "$(TARGET_NAME)";
				TEST_HOST = "$(BUILT_PRODUCTS_DIR)/ShowSizeClasses.app/ShowSizeClasses";
			};
			name = Release;
		};
/* End XCBuildConfiguration section */

/* Begin XCConfigurationList section */
		087F6FF81B135C3800FFE06D /* Build configuration list for PBXProject "ShowSizeClasses" */ = {
			isa = XCConfigurationList;
			buildConfigurations = (
				087F701A1B135C3800FFE06D /* Debug */,
				087F701B1B135C3800FFE06D /* Release */,
			);
			defaultConfigurationIsVisible = 0;
			defaultConfigurationName = Release;
		};
		087F701C1B135C3800FFE06D /* Build configuration list for PBXNativeTarget "ShowSizeClasses" */ = {
			isa = XCConfigurationList;
			buildConfigurations = (
				087F701D1B135C3800FFE06D /* Debug */,
				087F701E1B135C3800FFE06D /* Release */,
			);
			defaultConfigurationIsVisible = 0;
		};
		087F701F1B135C3800FFE06D /* Build configuration list for PBXNativeTarget "ShowSizeClassesTests" */ = {
			isa = XCConfigurationList;
			buildConfigurations = (
				087F70201B135C3800FFE06D /* Debug */,
				087F70211B135C3800FFE06D /* Release */,
			);
			defaultConfigurationIsVisible = 0;
		};
/* End XCConfigurationList section */
	};
	rootObject = 087F6FF51B135C3800FFE06D /* Project object */;
}
